
Microsoft Visual Studio Solution File, Format Version 12.00
# Visual Studio Version 17
VisualStudioVersion = 17.11.35312.102
MinimumVisualStudioVersion = 10.0.40219.1
Project("{FAE04EC0-301F-11D3-BF4B-00C04F79EFBC}") = "04-Api", "04-Api\04-Api.csproj", "{6EF33BB0-5C23-483F-B86A-3AB0880A186D}"
EndProject
Project("{FAE04EC0-301F-11D3-BF4B-00C04F79EFBC}") = "01-Domain", "01-Domain\01-Domain.csproj", "{F24652A5-B653-4645-ADE8-37C2FA25753C}"
EndProject
Project("{FAE04EC0-301F-11D3-BF4B-00C04F79EFBC}") = "02-Infrastructure", "02-Infrastructure\02-Infrastructure.csproj", "{62298D66-F472-406B-ABE6-17F1D9FB9FEE}"
EndProject
Project("{FAE04EC0-301F-11D3-BF4B-00C04F79EFBC}") = "03-Application", "03-Application\03-Application.csproj", "{B9A6C7BB-ECF7-4263-B358-628AC376B008}"
EndProject
Global
	GlobalSection(SolutionConfigurationPlatforms) = preSolution
		Debug|Any CPU = Debug|Any CPU
		Release|Any CPU = Release|Any CPU
	EndGlobalSection
	GlobalSection(ProjectConfigurationPlatforms) = postSolution
		{6EF33BB0-5C23-483F-B86A-3AB0880A186D}.Debug|Any CPU.ActiveCfg = Debug|Any CPU
		{6EF33BB0-5C23-483F-B86A-3AB0880A186D}.Debug|Any CPU.Build.0 = Debug|Any CPU
		{6EF33BB0-5C23-483F-B86A-3AB0880A186D}.Release|Any CPU.ActiveCfg = Release|Any CPU
		{6EF33BB0-5C23-483F-B86A-3AB0880A186D}.Release|Any CPU.Build.0 = Release|Any CPU
		{F24652A5-B653-4645-ADE8-37C2FA25753C}.Debug|Any CPU.ActiveCfg = Debug|Any CPU
		{F24652A5-B653-4645-ADE8-37C2FA25753C}.Debug|Any CPU.Build.0 = Debug|Any CPU
		{F24652A5-B653-4645-ADE8-37C2FA25753C}.Release|Any CPU.ActiveCfg = Release|Any CPU
		{F24652A5-B653-4645-ADE8-37C2FA25753C}.Release|Any CPU.Build.0 = Release|Any CPU
		{62298D66-F472-406B-ABE6-17F1D9FB9FEE}.Debug|Any CPU.ActiveCfg = Debug|Any CPU
		{62298D66-F472-406B-ABE6-17F1D9FB9FEE}.Debug|Any CPU.Build.0 = Debug|Any CPU
		{62298D66-F472-406B-ABE6-17F1D9FB9FEE}.Release|Any CPU.ActiveCfg = Release|Any CPU
		{62298D66-F472-406B-ABE6-17F1D9FB9FEE}.Release|Any CPU.Build.0 = Release|Any CPU
		{B9A6C7BB-ECF7-4263-B358-628AC376B008}.Debug|Any CPU.ActiveCfg = Debug|Any CPU
		{B9A6C7BB-ECF7-4263-B358-628AC376B008}.Debug|Any CPU.Build.0 = Debug|Any CPU
		{B9A6C7BB-ECF7-4263-B358-628AC376B008}.Release|Any CPU.ActiveCfg = Release|Any CPU
		{B9A6C7BB-ECF7-4263-B358-628AC376B008}.Release|Any CPU.Build.0 = Release|Any CPU
	EndGlobalSection
	GlobalSection(SolutionProperties) = preSolution
		HideSolutionNode = FALSE
	EndGlobalSection
	GlobalSection(ExtensibilityGlobals) = postSolution
		SolutionGuid = {F8455F4D-3E13-427D-815B-902F36649BEE}
	EndGlobalSection
EndGlobal
